# THIS IS AN AUTOGENERATED FILE. DO NOT EDIT THIS FILE DIRECTLY.
# yarn lockfile v1


"@rails/request.js@^0.0.9":
  version "0.0.9"
  resolved "https://registry.yarnpkg.com/@rails/request.js/-/request.js-0.0.9.tgz#89e2a575405dc07eb8a9b3d2fe04289e1f057cd0"
  integrity sha512-VleYUyrA3rwKMvYnz7MI9Ada85Vekjb/WVz7NuGgDO24Y3Zy9FFSpDMQW+ea/tlftD+CdX/W/sUosRA9/HkDOQ==

hotkeys-js@>=3:
  version "3.12.0"
  resolved "https://registry.yarnpkg.com/hotkeys-js/-/hotkeys-js-3.12.0.tgz#5534a7ffdba923df489ffbd876b991979beb2c77"
  integrity sha512-Z+N573ycUKIGwFYS3ID1RzMJiGmtWMGKMiaNLyJS8B1ei+MllF4ZYmKS2T0kMWBktOz+WZLVNikftEgnukOrXg==

libphonenumber-js@^1.10.47:
  version "1.10.47"
  resolved "https://registry.yarnpkg.com/libphonenumber-js/-/libphonenumber-js-1.10.47.tgz#1efdf08306960a222703e575e78eb76458944012"
  integrity sha512-b4t7VQDV29xx/ni+58yl9KWPGjnDLDXCeCTLrD4V8vDpObXZRZBrg7uX/HWZ7YXiJKqdBDGgc+barUUTNB6Slw==

lodash.debounce@^4.0.8:
  version "4.0.8"
  resolved "https://registry.yarnpkg.com/lodash.debounce/-/lodash.debounce-4.0.8.tgz#82d79bff30a67c4005ffd5e2515300ad9ca4d7af"
  integrity sha512-FT1yDzDYEoYWhnSGnpE/4Kj1fLZkDFyqRb7fNt6FdYOSxlUWAtp42Eh6Wb0rGIv/m9Bgo7x4GhQbm5Ys4SG5ow==

sortablejs@^1.15.0:
  version "1.15.0"
  resolved "https://registry.yarnpkg.com/sortablejs/-/sortablejs-1.15.0.tgz#53230b8aa3502bb77a29e2005808ffdb4a5f7e2a"
  integrity sha512-bv9qgVMjUMf89wAvM6AxVvS/4MX3sPeN0+agqShejLU5z5GX4C75ow1O2e5k4L6XItUyAK3gH6AxSbXrOM5e8w==

stimulus-dropdown@^2.1.0:
  version "2.1.0"
  resolved "https://registry.yarnpkg.com/stimulus-dropdown/-/stimulus-dropdown-2.1.0.tgz#22f15cd1dc247e08f04c3f95d7ab9d8102602a07"
  integrity sha512-p4Bs56/ilB2E0lfFaNajKIHZK1PMUUDnhDl74f97bn087fxIfRB7WQekVtTTWJdRlf3EIgSsDX7K1TsaLiIcLg==
  dependencies:
    stimulus-use "^0.51.1"

stimulus-rails-autosave@^4.1.1:
  version "4.1.1"
  resolved "https://registry.yarnpkg.com/stimulus-rails-autosave/-/stimulus-rails-autosave-4.1.1.tgz#c92968e2ce6311f87e727772d5792c47bd725b0d"
  integrity sha512-cvmaPG19rKHLGsmOVcDjS683Get+0gSZ2n0btXJaN/Lkh/9zkvvVMfLWKIUBnoDUeHrmcJ/mSMECTjEvv+6b7g==
  dependencies:
    lodash.debounce "^4.0.8"

stimulus-sortable@^4.1.1:
  version "4.1.1"
  resolved "https://registry.yarnpkg.com/stimulus-sortable/-/stimulus-sortable-4.1.1.tgz#aa34e0f1ac53112cf568bc46e6b20acbf603c521"
  integrity sha512-UDpgzIIklvBL+X+KB4GuTQOnIvK3k2Zocwm946myA48xBS1vMPomkUhNLEAXpg1PWYDaQ3pyaS0mbKo2mLrTbQ==

stimulus-use@^0.51.1:
  version "0.51.3"
  resolved "https://registry.yarnpkg.com/stimulus-use/-/stimulus-use-0.51.3.tgz#d7ac671aff8d0db253296dec89d38aa6f4b27e2a"
  integrity sha512-V4YETxMFL4/bpmcqlwFtaOaJg9sLF+XlWsvXrsoWVA5jffsqe7uAvV6gGPPQta7Hgx01vovA0yNsWUe2eU9Jmw==
  dependencies:
    hotkeys-js ">=3"
